
Microsoft Visual Studio Solution File, Format Version 12.00
# Visual Studio Version 17
VisualStudioVersion = 17.0.31912.275
MinimumVisualStudioVersion = 10.0.40219.1
Project("{FAE04EC0-301F-11D3-BF4B-00C04F79EFBC}") = "DesafioBibliotecaApi", "DesafioBibliotecaApi\DesafioBibliotecaApi.csproj", "{95321961-0705-4811-8677-877CFB223780}"
EndProject
Global
	GlobalSection(SolutionConfigurationPlatforms) = preSolution
		Debug|Any CPU = Debug|Any CPU
		Release|Any CPU = Release|Any CPU
	EndGlobalSection
	GlobalSection(ProjectConfigurationPlatforms) = postSolution
		{95321961-0705-4811-8677-877CFB223780}.Debug|Any CPU.ActiveCfg = Debug|Any CPU
		{95321961-0705-4811-8677-877CFB223780}.Debug|Any CPU.Build.0 = Debug|Any CPU
		{95321961-0705-4811-8677-877CFB223780}.Release|Any CPU.ActiveCfg = Release|Any CPU
		{95321961-0705-4811-8677-877CFB223780}.Release|Any CPU.Build.0 = Release|Any CPU
	EndGlobalSection
	GlobalSection(SolutionProperties) = preSolution
		HideSolutionNode = FALSE
	EndGlobalSection
	GlobalSection(ExtensibilityGlobals) = postSolution
		SolutionGuid = {6E151CC9-DB9A-43F1-870F-252F7E17AA21}
	EndGlobalSection
EndGlobal
